// !$*UTF8*$!
{
	archiveVersion = 1;
	classes = {
	};
	objectVersion = 46;
	objects = {

/* Begin PBXBuildFile section */
		812F21581C713755000AE37E /* Tweet.swift in Sources */ = {isa = PBXBuildFile; fileRef = 812F21571C713755000AE37E /* Tweet.swift */; };
		812F215A1C713774000AE37E /* User.swift in Sources */ = {isa = PBXBuildFile; fileRef = 812F21591C713774000AE37E /* User.swift */; };
		8155865F1C77A3E5005D05B5 /* TweetsTableViewCell.swift in Sources */ = {isa = PBXBuildFile; fileRef = 8155865E1C77A3E5005D05B5 /* TweetsTableViewCell.swift */; };
		815586611C77A901005D05B5 /* TweetsViewController.swift in Sources */ = {isa = PBXBuildFile; fileRef = 815586601C77A901005D05B5 /* TweetsViewController.swift */; };
		8158E9351C6D9EA90050C7CF /* AppDelegate.swift in Sources */ = {isa = PBXBuildFile; fileRef = 8158E9341C6D9EA90050C7CF /* AppDelegate.swift */; };
		8158E9371C6D9EA90050C7CF /* ViewController.swift in Sources */ = {isa = PBXBuildFile; fileRef = 8158E9361C6D9EA90050C7CF /* ViewController.swift */; };
		8158E93A1C6D9EA90050C7CF /* Main.storyboard in Resources */ = {isa = PBXBuildFile; fileRef = 8158E9381C6D9EA90050C7CF /* Main.storyboard */; };
		8158E93C1C6D9EA90050C7CF /* Assets.xcassets in Resources */ = {isa = PBXBuildFile; fileRef = 8158E93B1C6D9EA90050C7CF /* Assets.xcassets */; };
		8158E93F1C6D9EA90050C7CF /* LaunchScreen.storyboard in Resources */ = {isa = PBXBuildFile; fileRef = 8158E93D1C6D9EA90050C7CF /* LaunchScreen.storyboard */; };
		8158E94A1C6DA35D0050C7CF /* TwitterClient.swift in Sources */ = {isa = PBXBuildFile; fileRef = 8158E9491C6DA35D0050C7CF /* TwitterClient.swift */; };
		D8F43FA441343CC0CCC212B0 /* Pods_Twitter.framework in Frameworks */ = {isa = PBXBuildFile; fileRef = 03CA1EEEE5883674C34B05A0 /* Pods_Twitter.framework */; };
/* End PBXBuildFile section */

/* Begin PBXFileReference section */
		03CA1EEEE5883674C34B05A0 /* Pods_Twitter.framework */ = {isa = PBXFileReference; explicitFileType = wrapper.framework; includeInIndex = 0; path = Pods_Twitter.framework; sourceTree = BUILT_PRODUCTS_DIR; };
		72D0BFA6E6D1AFF4236D829F /* Pods-Twitter.debug.xcconfig */ = {isa = PBXFileReference; includeInIndex = 1; lastKnownFileType = text.xcconfig; name = "Pods-Twitter.debug.xcconfig"; path = "Pods/Target Support Files/Pods-Twitter/Pods-Twitter.debug.xcconfig"; sourceTree = "<group>"; };
		812F21571C713755000AE37E /* Tweet.swift */ = {isa = PBXFileReference; fileEncoding = 4; lastKnownFileType = sourcecode.swift; path = Tweet.swift; sourceTree = "<group>"; };
		812F21591C713774000AE37E /* User.swift */ = {isa = PBXFileReference; fileEncoding = 4; lastKnownFileType = sourcecode.swift; path = User.swift; sourceTree = "<group>"; };
		8155865E1C77A3E5005D05B5 /* TweetsTableViewCell.swift */ = {isa = PBXFileReference; fileEncoding = 4; lastKnownFileType = sourcecode.swift; path = TweetsTableViewCell.swift; sourceTree = "<group>"; };
		815586601C77A901005D05B5 /* TweetsViewController.swift */ = {isa = PBXFileReference; fileEncoding = 4; lastKnownFileType = sourcecode.swift; path = TweetsViewController.swift; sourceTree = "<group>"; };
		8158E9311C6D9EA90050C7CF /* Twitter.app */ = {isa = PBXFileReference; explicitFileType = wrapper.application; includeInIndex = 0; path = Twitter.app; sourceTree = BUILT_PRODUCTS_DIR; };
		8158E9341C6D9EA90050C7CF /* AppDelegate.swift */ = {isa = PBXFileReference; lastKnownFileType = sourcecode.swift; path = AppDelegate.swift; sourceTree = "<group>"; };
		8158E9361C6D9EA90050C7CF /* ViewController.swift */ = {isa = PBXFileReference; lastKnownFileType = sourcecode.swift; path = ViewController.swift; sourceTree = "<group>"; };
		8158E9391C6D9EA90050C7CF /* Base */ = {isa = PBXFileReference; lastKnownFileType = file.storyboard; name = Base; path = Base.lproj/Main.storyboard; sourceTree = "<group>"; };
		8158E93B1C6D9EA90050C7CF /* Assets.xcassets */ = {isa = PBXFileReference; lastKnownFileType = folder.assetcatalog; path = Assets.xcassets; sourceTree = "<group>"; };
		8158E93E1C6D9EA90050C7CF /* Base */ = {isa = PBXFileReference; lastKnownFileType = file.storyboard; name = Base; path = Base.lproj/LaunchScreen.storyboard; sourceTree = "<group>"; };
		8158E9401C6D9EA90050C7CF /* Info.plist */ = {isa = PBXFileReference; lastKnownFileType = text.plist.xml; path = Info.plist; sourceTree = "<group>"; };
		8158E9491C6DA35D0050C7CF /* TwitterClient.swift */ = {isa = PBXFileReference; fileEncoding = 4; lastKnownFileType = sourcecode.swift; path = TwitterClient.swift; sourceTree = "<group>"; };
		BF54A2C425BF7BC6230DDBC0 /* Pods-Twitter.release.xcconfig */ = {isa = PBXFileReference; includeInIndex = 1; lastKnownFileType = text.xcconfig; name = "Pods-Twitter.release.xcconfig"; path = "Pods/Target Support Files/Pods-Twitter/Pods-Twitter.release.xcconfig"; sourceTree = "<group>"; };
/* End PBXFileReference section */

/* Begin PBXFrameworksBuildPhase section */
		8158E92E1C6D9EA90050C7CF /* Frameworks */ = {
			isa = PBXFrameworksBuildPhase;
			buildActionMask = 2147483647;
			files = (
				D8F43FA441343CC0CCC212B0 /* Pods_Twitter.framework in Frameworks */,
			);
			runOnlyForDeploymentPostprocessing = 0;
		};
/* End PBXFrameworksBuildPhase section */

/* Begin PBXGroup section */
		40E2CAAF0438A4C667742621 /* Pods */ = {
			isa = PBXGroup;
			children = (
				72D0BFA6E6D1AFF4236D829F /* Pods-Twitter.debug.xcconfig */,
				BF54A2C425BF7BC6230DDBC0 /* Pods-Twitter.release.xcconfig */,
			);
			name = Pods;
			sourceTree = "<group>";
		};
		4524C97744423CDA83EC3AE8 /* Frameworks */ = {
			isa = PBXGroup;
			children = (
				03CA1EEEE5883674C34B05A0 /* Pods_Twitter.framework */,
			);
			name = Frameworks;
			sourceTree = "<group>";
		};
		812F215B1C713785000AE37E /* Models */ = {
			isa = PBXGroup;
			children = (
				812F21571C713755000AE37E /* Tweet.swift */,
				812F21591C713774000AE37E /* User.swift */,
			);
			name = Models;
			sourceTree = "<group>";
		};
		8155865C1C77A076005D05B5 /* ViewsControllers */ = {
			isa = PBXGroup;
			children = (
				8158E9361C6D9EA90050C7CF /* ViewController.swift */,
				815586601C77A901005D05B5 /* TweetsViewController.swift */,
			);
			name = ViewsControllers;
			sourceTree = "<group>";
		};
		8155865D1C77A334005D05B5 /* ViewCells */ = {
			isa = PBXGroup;
			children = (
				8155865E1C77A3E5005D05B5 /* TweetsTableViewCell.swift */,
			);
			name = ViewCells;
			sourceTree = "<group>";
		};
		8158E9281C6D9EA90050C7CF = {
			isa = PBXGroup;
			children = (
				8158E9331C6D9EA90050C7CF /* Twitter */,
				8158E9321C6D9EA90050C7CF /* Products */,
				40E2CAAF0438A4C667742621 /* Pods */,
				4524C97744423CDA83EC3AE8 /* Frameworks */,
			);
			sourceTree = "<group>";
		};
		8158E9321C6D9EA90050C7CF /* Products */ = {
			isa = PBXGroup;
			children = (
				8158E9311C6D9EA90050C7CF /* Twitter.app */,
			);
			name = Products;
			sourceTree = "<group>";
		};
		8158E9331C6D9EA90050C7CF /* Twitter */ = {
			isa = PBXGroup;
			children = (
				8155865D1C77A334005D05B5 /* ViewCells */,
				8155865C1C77A076005D05B5 /* ViewsControllers */,
				812F215B1C713785000AE37E /* Models */,
				8158E9461C6DA1D80050C7CF /* API */,
				8158E9341C6D9EA90050C7CF /* AppDelegate.swift */,
				8158E9381C6D9EA90050C7CF /* Main.storyboard */,
				8158E93B1C6D9EA90050C7CF /* Assets.xcassets */,
				8158E93D1C6D9EA90050C7CF /* LaunchScreen.storyboard */,
				8158E9401C6D9EA90050C7CF /* Info.plist */,
			);
			path = Twitter;
			sourceTree = "<group>";
		};
		8158E9461C6DA1D80050C7CF /* API */ = {
			isa = PBXGroup;
			children = (
				8158E9491C6DA35D0050C7CF /* TwitterClient.swift */,
			);
			name = API;
			sourceTree = "<group>";
		};
/* End PBXGroup section */

/* Begin PBXNativeTarget section */
		8158E9301C6D9EA90050C7CF /* Twitter */ = {
			isa = PBXNativeTarget;
			buildConfigurationList = 8158E9431C6D9EA90050C7CF /* Build configuration list for PBXNativeTarget "Twitter" */;
			buildPhases = (
				401C532A10E0A5E3259940E9 /* Check Pods Manifest.lock */,
				8158E92D1C6D9EA90050C7CF /* Sources */,
				8158E92E1C6D9EA90050C7CF /* Frameworks */,
				8158E92F1C6D9EA90050C7CF /* Resources */,
				485CBE1E7E39494E30A3C11E /* Embed Pods Frameworks */,
				A3DA91D397C6CB892CF1834F /* Copy Pods Resources */,
			);
			buildRules = (
			);
			dependencies = (
			);
			name = Twitter;
			productName = Twitter;
			productReference = 8158E9311C6D9EA90050C7CF /* Twitter.app */;
			productType = "com.apple.product-type.application";
		};
/* End PBXNativeTarget section */

/* Begin PBXProject section */
		8158E9291C6D9EA90050C7CF /* Project object */ = {
			isa = PBXProject;
			attributes = {
				LastSwiftUpdateCheck = 0720;
				LastUpgradeCheck = 0720;
				ORGANIZATIONNAME = tpham44;
				TargetAttributes = {
					8158E9301C6D9EA90050C7CF = {
						CreatedOnToolsVersion = 7.2;
					};
				};
			};
			buildConfigurationList = 8158E92C1C6D9EA90050C7CF /* Build configuration list for PBXProject "Twitter" */;
			compatibilityVersion = "Xcode 3.2";
			developmentRegion = English;
			hasScannedForEncodings = 0;
			knownRegions = (
				en,
				Base,
			);
			mainGroup = 8158E9281C6D9EA90050C7CF;
			productRefGroup = 8158E9321C6D9EA90050C7CF /* Products */;
			projectDirPath = "";
			projectRoot = "";
			targets = (
				8158E9301C6D9EA90050C7CF /* Twitter */,
			);
		};
/* End PBXProject section */

/* Begin PBXResourcesBuildPhase section */
		8158E92F1C6D9EA90050C7CF /* Resources */ = {
			isa = PBXResourcesBuildPhase;
			buildActionMask = 2147483647;
			files = (
				8158E93F1C6D9EA90050C7CF /* LaunchScreen.storyboard in Resources */,
				8158E93C1C6D9EA90050C7CF /* Assets.xcassets in Resources */,
				8158E93A1C6D9EA90050C7CF /* Main.storyboard in Resources */,
			);
			runOnlyForDeploymentPostprocessing = 0;
		};
/* End PBXResourcesBuildPhase section */

/* Begin PBXShellScriptBuildPhase section */
		401C532A10E0A5E3259940E9 /* Check Pods Manifest.lock */ = {
			isa = PBXShellScriptBuildPhase;
			buildActionMask = 2147483647;
			files = (
			);
			inputPaths = (
			);
			name = "Check Pods Manifest.lock";
			outputPaths = (
			);
			runOnlyForDeploymentPostprocessing = 0;
			shellPath = /bin/sh;
			shellScript = "diff \"${PODS_ROOT}/../Podfile.lock\" \"${PODS_ROOT}/Manifest.lock\" > /dev/null\nif [[ $? != 0 ]] ; then\n    cat << EOM\nerror: The sandbox is not in sync with the Podfile.lock. Run 'pod install' or update your CocoaPods installation.\nEOM\n    exit 1\nfi\n";
			showEnvVarsInLog = 0;
		};
		485CBE1E7E39494E30A3C11E /* Embed Pods Frameworks */ = {
			isa = PBXShellScriptBuildPhase;
			buildActionMask = 2147483647;
			files = (
			);
			inputPaths = (
			);
			name = "Embed Pods Frameworks";
			outputPaths = (
			);
			runOnlyForDeploymentPostprocessing = 0;
			shellPath = /bin/sh;
			shellScript = "\"${SRCROOT}/Pods/Target Support Files/Pods-Twitter/Pods-Twitter-frameworks.sh\"\n";
			showEnvVarsInLog = 0;
		};
		A3DA91D397C6CB892CF1834F /* Copy Pods Resources */ = {
			isa = PBXShellScriptBuildPhase;
			buildActionMask = 2147483647;
			files = (
			);
			inputPaths = (
			);
			name = "Copy Pods Resources";
			outputPaths = (
			);
			runOnlyForDeploymentPostprocessing = 0;
			shellPath = /bin/sh;
			shellScript = "\"${SRCROOT}/Pods/Target Support Files/Pods-Twitter/Pods-Twitter-resources.sh\"\n";
			showEnvVarsInLog = 0;
		};
/* End PBXShellScriptBuildPhase section */

/* Begin PBXSourcesBuildPhase section */
		8158E92D1C6D9EA90050C7CF /* Sources */ = {
			isa = PBXSourcesBuildPhase;
			buildActionMask = 2147483647;
			files = (
				8155865F1C77A3E5005D05B5 /* TweetsTableViewCell.swift in Sources */,
				8158E9371C6D9EA90050C7CF /* ViewController.swift in Sources */,
				8158E94A1C6DA35D0050C7CF /* TwitterClient.swift in Sources */,
				8158E9351C6D9EA90050C7CF /* AppDelegate.swift in Sources */,
				815586611C77A901005D05B5 /* TweetsViewController.swift in Sources */,
				812F215A1C713774000AE37E /* User.swift in Sources */,
				812F21581C713755000AE37E /* Tweet.swift in Sources */,
			);
			runOnlyForDeploymentPostprocessing = 0;
		};
/* End PBXSourcesBuildPhase section */

/* Begin PBXVariantGroup section */
		8158E9381C6D9EA90050C7CF /* Main.storyboard */ = {
			isa = PBXVariantGroup;
			children = (
				8158E9391C6D9EA90050C7CF /* Base */,
			);
			name = Main.storyboard;
			sourceTree = "<group>";
		};
		8158E93D1C6D9EA90050C7CF /* LaunchScreen.storyboard */ = {
			isa = PBXVariantGroup;
			children = (
				8158E93E1C6D9EA90050C7CF /* Base */,
			);
			name = LaunchScreen.storyboard;
			sourceTree = "<group>";
		};
/* End PBXVariantGroup section */

/* Begin XCBuildConfiguration section */
		8158E9411C6D9EA90050C7CF /* Debug */ = {
			isa = XCBuildConfiguration;
			buildSettings = {
				ALWAYS_SEARCH_USER_PATHS = NO;
				CLANG_CXX_LANGUAGE_STANDARD = "gnu++0x";
				CLANG_CXX_LIBRARY = "libc++";
				CLANG_ENABLE_MODULES = YES;
				CLANG_ENABLE_OBJC_ARC = YES;
				CLANG_WARN_BOOL_CONVERSION = YES;
				CLANG_WARN_CONSTANT_CONVERSION = YES;
				CLANG_WARN_DIRECT_OBJC_ISA_USAGE = YES_ERROR;
				CLANG_WARN_EMPTY_BODY = YES;
				CLANG_WARN_ENUM_CONVERSION = YES;
				CLANG_WARN_INT_CONVERSION = YES;
				CLANG_WARN_OBJC_ROOT_CLASS = YES_ERROR;
				CLANG_WARN_UNREACHABLE_CODE = YES;
				CLANG_WARN__DUPLICATE_METHOD_MATCH = YES;
				"CODE_SIGN_IDENTITY[sdk=iphoneos*]" = "iPhone Developer";
				COPY_PHASE_STRIP = NO;
				DEBUG_INFORMATION_FORMAT = dwarf;
				ENABLE_STRICT_OBJC_MSGSEND = YES;
				ENABLE_TESTABILITY = YES;
				GCC_C_LANGUAGE_STANDARD = gnu99;
				GCC_DYNAMIC_NO_PIC = NO;
				GCC_NO_COMMON_BLOCKS = YES;
				GCC_OPTIMIZATION_LEVEL = 0;
				GCC_PREPROCESSOR_DEFINITIONS = (
					"DEBUG=1",
					"$(inherited)",
				);
				GCC_WARN_64_TO_32_BIT_CONVERSION = YES;
				GCC_WARN_ABOUT_RETURN_TYPE = YES_ERROR;
				GCC_WARN_UNDECLARED_SELECTOR = YES;
				GCC_WARN_UNINITIALIZED_AUTOS = YES_AGGRESSIVE;
				GCC_WARN_UNUSED_FUNCTION = YES;
				GCC_WARN_UNUSED_VARIABLE = YES;
				IPHONEOS_DEPLOYMENT_TARGET = 9.2;
				MTL_ENABLE_DEBUG_INFO = YES;
				ONLY_ACTIVE_ARCH = YES;
				SDKROOT = iphoneos;
				SWIFT_OPTIMIZATION_LEVEL = "-Onone";
			};
			name = Debug;
		};
		8158E9421C6D9EA90050C7CF /* Release */ = {
			isa = XCBuildConfiguration;
			buildSettings = {
				ALWAYS_SEARCH_USER_PATHS = NO;
				CLANG_CXX_LANGUAGE_STANDARD = "gnu++0x";
				CLANG_CXX_LIBRARY = "libc++";
				CLANG_ENABLE_MODULES = YES;
				CLANG_ENABLE_OBJC_ARC = YES;
				CLANG_WARN_BOOL_CONVERSION = YES;
				CLANG_WARN_CONSTANT_CONVERSION = YES;
				CLANG_WARN_DIRECT_OBJC_ISA_USAGE = YES_ERROR;
				CLANG_WARN_EMPTY_BODY = YES;
				CLANG_WARN_ENUM_CONVERSION = YES;
				CLANG_WARN_INT_CONVERSION = YES;
				CLANG_WARN_OBJC_ROOT_CLASS = YES_ERROR;
				CLANG_WARN_UNREACHABLE_CODE = YES;
				CLANG_WARN__DUPLICATE_METHOD_MATCH = YES;
				"CODE_SIGN_IDENTITY[sdk=iphoneos*]" = "iPhone Developer";
				COPY_PHASE_STRIP = NO;
				DEBUG_INFORMATION_FORMAT = "dwarf-with-dsym";
				ENABLE_NS_ASSERTIONS = NO;
				ENABLE_STRICT_OBJC_MSGSEND = YES;
				GCC_C_LANGUAGE_STANDARD = gnu99;
				GCC_NO_COMMON_BLOCKS = YES;
				GCC_WARN_64_TO_32_BIT_CONVERSION = YES;
				GCC_WARN_ABOUT_RETURN_TYPE = YES_ERROR;
				GCC_WARN_UNDECLARED_SELECTOR = YES;
				GCC_WARN_UNINITIALIZED_AUTOS = YES_AGGRESSIVE;
				GCC_WARN_UNUSED_FUNCTION = YES;
				GCC_WARN_UNUSED_VARIABLE = YES;
				IPHONEOS_DEPLOYMENT_TARGET = 9.2;
				MTL_ENABLE_DEBUG_INFO = NO;
				SDKROOT = iphoneos;
				VALIDATE_PRODUCT = YES;
			};
			name = Release;
		};
		8158E9441C6D9EA90050C7CF /* Debug */ = {
			isa = XCBuildConfiguration;
			baseConfigurationReference = 72D0BFA6E6D1AFF4236D829F /* Pods-Twitter.debug.xcconfig */;
			buildSettings = {
				ASSETCATALOG_COMPILER_APPICON_NAME = AppIcon;
				CODE_SIGN_IDENTITY = "iPhone Developer";
				INFOPLIST_FILE = Twitter/Info.plist;
				IPHONEOS_DEPLOYMENT_TARGET = 9.2;
				LD_RUNPATH_SEARCH_PATHS = "$(inherited) @executable_path/Frameworks";
				PRODUCT_BUNDLE_IDENTIFIER = com.codepath.Twitter;
				PRODUCT_NAME = "$(TARGET_NAME)";
			};
			name = Debug;
		};
		8158E9451C6D9EA90050C7CF /* Release */ = {
			isa = XCBuildConfiguration;
			baseConfigurationReference = BF54A2C425BF7BC6230DDBC0 /* Pods-Twitter.release.xcconfig */;
			buildSettings = {
				ASSETCATALOG_COMPILER_APPICON_NAME = AppIcon;
				CODE_SIGN_IDENTITY = "iPhone Developer";
				INFOPLIST_FILE = Twitter/Info.plist;
				IPHONEOS_DEPLOYMENT_TARGET = 9.2;
				LD_RUNPATH_SEARCH_PATHS = "$(inherited) @executable_path/Frameworks";
				PRODUCT_BUNDLE_IDENTIFIER = com.codepath.Twitter;
				PRODUCT_NAME = "$(TARGET_NAME)";
			};
			name = Release;
		};
/* End XCBuildConfiguration section */

/* Begin XCConfigurationList section */
		8158E92C1C6D9EA90050C7CF /* Build configuration list for PBXProject "Twitter" */ = {
			isa = XCConfigurationList;
			buildConfigurations = (
				8158E9411C6D9EA90050C7CF /* Debug */,
				8158E9421C6D9EA90050C7CF /* Release */,
			);
			defaultConfigurationIsVisible = 0;
			defaultConfigurationName = Release;
		};
		8158E9431C6D9EA90050C7CF /* Build configuration list for PBXNativeTarget "Twitter" */ = {
			isa = XCConfigurationList;
			buildConfigurations = (
				8158E9441C6D9EA90050C7CF /* Debug */,
				8158E9451C6D9EA90050C7CF /* Release */,
			);
			defaultConfigurationIsVisible = 0;
			defaultConfigurationName = Release;
		};
/* End XCConfigurationList section */
	};
	rootObject = 8158E9291C6D9EA90050C7CF /* Project object */;
}
